
Microsoft Visual Studio Solution File, Format Version 12.00
# Blend for Visual Studio Version 16
VisualStudioVersion = 16.0.29926.136
MinimumVisualStudioVersion = 10.0.40219.1
Project("{FAE04EC0-301F-11D3-BF4B-00C04F79EFBC}") = "WPFLearning", "WPFLearning\WPFLearning.csproj", "{77463DD6-3747-402C-A4C2-9CDD18D93430}"
EndProject
Global
	GlobalSection(SolutionConfigurationPlatforms) = preSolution
		Debug|Any CPU = Debug|Any CPU
		Release|Any CPU = Release|Any CPU
	EndGlobalSection
	GlobalSection(ProjectConfigurationPlatforms) = postSolution
		{77463DD6-3747-402C-A4C2-9CDD18D93430}.Debug|Any CPU.ActiveCfg = Debug|Any CPU
		{77463DD6-3747-402C-A4C2-9CDD18D93430}.Debug|Any CPU.Build.0 = Debug|Any CPU
		{77463DD6-3747-402C-A4C2-9CDD18D93430}.Release|Any CPU.ActiveCfg = Release|Any CPU
		{77463DD6-3747-402C-A4C2-9CDD18D93430}.Release|Any CPU.Build.0 = Release|Any CPU
	EndGlobalSection
	GlobalSection(SolutionProperties) = preSolution
		HideSolutionNode = FALSE
	EndGlobalSection
	GlobalSection(ExtensibilityGlobals) = postSolution
		SolutionGuid = {2AF9E115-AE15-4C57-B22E-68DFBBDD8D33}
	EndGlobalSection
EndGlobal
